
Microsoft Visual Studio Solution File, Format Version 12.00
# Visual Studio Version 16
VisualStudioVersion = 16.0.29324.140
MinimumVisualStudioVersion = 10.0.40219.1
Project("{8BC9CEB8-8B4A-11D0-8D11-00A0C91BC942}") = "mpia5practice", "mpia5practice\mpia5practice.vcxproj", "{7478E7E9-DA7E-49E8-BAB3-FB76C6D179F7}"
EndProject
Global
	GlobalSection(SolutionConfigurationPlatforms) = preSolution
		Debug|x64 = Debug|x64
		Debug|x86 = Debug|x86
		Release|x64 = Release|x64
		Release|x86 = Release|x86
	EndGlobalSection
	GlobalSection(ProjectConfigurationPlatforms) = postSolution
		{7478E7E9-DA7E-49E8-BAB3-FB76C6D179F7}.Debug|x64.ActiveCfg = Debug|x64
		{7478E7E9-DA7E-49E8-BAB3-FB76C6D179F7}.Debug|x64.Build.0 = Debug|x64
		{7478E7E9-DA7E-49E8-BAB3-FB76C6D179F7}.Debug|x86.ActiveCfg = Debug|Win32
		{7478E7E9-DA7E-49E8-BAB3-FB76C6D179F7}.Debug|x86.Build.0 = Debug|Win32
		{7478E7E9-DA7E-49E8-BAB3-FB76C6D179F7}.Release|x64.ActiveCfg = Release|x64
		{7478E7E9-DA7E-49E8-BAB3-FB76C6D179F7}.Release|x64.Build.0 = Release|x64
		{7478E7E9-DA7E-49E8-BAB3-FB76C6D179F7}.Release|x86.ActiveCfg = Release|Win32
		{7478E7E9-DA7E-49E8-BAB3-FB76C6D179F7}.Release|x86.Build.0 = Release|Win32
	EndGlobalSection
	GlobalSection(SolutionProperties) = preSolution
		HideSolutionNode = FALSE
	EndGlobalSection
	GlobalSection(ExtensibilityGlobals) = postSolution
		SolutionGuid = {2DAD1160-95C6-4FE5-A804-7C36172043B1}
	EndGlobalSection
EndGlobal
